
Microsoft Visual Studio Solution File, Format Version 12.00
# Visual Studio Version 17
VisualStudioVersion = 17.0.32014.148
MinimumVisualStudioVersion = 10.0.40219.1
Project("{888888A0-9F3D-457C-B088-3A5042F75D52}") = "(Py) Banco", "(Py) Banco\(Py) Banco.pyproj", "{9EF98576-6892-4635-9E5A-1B732255601A}"
EndProject
Global
	GlobalSection(SolutionConfigurationPlatforms) = preSolution
		Debug|Any CPU = Debug|Any CPU
		Release|Any CPU = Release|Any CPU
	EndGlobalSection
	GlobalSection(ProjectConfigurationPlatforms) = postSolution
		{9EF98576-6892-4635-9E5A-1B732255601A}.Debug|Any CPU.ActiveCfg = Debug|Any CPU
		{9EF98576-6892-4635-9E5A-1B732255601A}.Release|Any CPU.ActiveCfg = Release|Any CPU
	EndGlobalSection
	GlobalSection(SolutionProperties) = preSolution
		HideSolutionNode = FALSE
	EndGlobalSection
	GlobalSection(ExtensibilityGlobals) = postSolution
		SolutionGuid = {335E5926-FAA7-43AD-B7A9-BCCE8BFCCA91}
	EndGlobalSection
EndGlobal
